
Microsoft Visual Studio Solution File, Format Version 12.00
# Visual Studio Version 17
VisualStudioVersion = 17.14.36930.0 d17.14
MinimumVisualStudioVersion = 10.0.40219.1
Project("{FAE04EC0-301F-11D3-BF4B-00C04F79EFBC}") = "PISMO", "PISMO\PISMO.csproj", "{FBCBFAB7-E553-43E1-A6E9-B48AB14E10C3}"
EndProject
Global
	GlobalSection(SolutionConfigurationPlatforms) = preSolution
		Debug|Any CPU = Debug|Any CPU
		Release|Any CPU = Release|Any CPU
	EndGlobalSection
	GlobalSection(ProjectConfigurationPlatforms) = postSolution
		{FBCBFAB7-E553-43E1-A6E9-B48AB14E10C3}.Debug|Any CPU.ActiveCfg = Debug|Any CPU
		{FBCBFAB7-E553-43E1-A6E9-B48AB14E10C3}.Debug|Any CPU.Build.0 = Debug|Any CPU
		{FBCBFAB7-E553-43E1-A6E9-B48AB14E10C3}.Release|Any CPU.ActiveCfg = Release|Any CPU
		{FBCBFAB7-E553-43E1-A6E9-B48AB14E10C3}.Release|Any CPU.Build.0 = Release|Any CPU
	EndGlobalSection
	GlobalSection(SolutionProperties) = preSolution
		HideSolutionNode = FALSE
	EndGlobalSection
	GlobalSection(ExtensibilityGlobals) = postSolution
		SolutionGuid = {6C31A0D3-8D67-4ABA-BE18-9AE459F7C382}
	EndGlobalSection
EndGlobal
